{
  "version": 4,
  "terraform_version": "1.15.2",
  "serial": 1,
  "lineage": "bc5472de-48b1-2a02-bd76-42b0455c0bc3",
  "outputs": {},
  "resources": [
    {
      "mode": "managed",
      "type": "aws_vpc",
      "name": "main",
      "provider": "provider[\"registry.terraform.io/hashicorp/aws\"]",
      "instances": [
        {
          "schema_version": 1,
          "attributes": {
            "arn": "arn:aws:ec2:us-east-1:237575223274:vpc/vpc-04a6630424e94f2eb",
            "assign_generated_ipv6_cidr_block": false,
            "cidr_block": "10.0.0.0/16",
            "default_network_acl_id": "acl-0f4b028167b838de9",
            "default_route_table_id": "rtb-0077a89962f4eb7fe",
            "default_security_group_id": "sg-0d1ba9a0aa1f9190d",
            "dhcp_options_id": "dopt-0038202079eb8e531",
            "enable_dns_hostnames": true,
            "enable_dns_support": true,
            "enable_network_address_usage_metrics": false,
            "id": "vpc-04a6630424e94f2eb",
            "instance_tenancy": "default",
            "ipv4_ipam_pool_id": null,
            "ipv4_netmask_length": null,
            "ipv6_association_id": "",
            "ipv6_cidr_block": "",
            "ipv6_cidr_block_network_border_group": "",
            "ipv6_ipam_pool_id": "",
            "ipv6_netmask_length": 0,
            "main_route_table_id": "rtb-0077a89962f4eb7fe",
            "owner_id": "237575223274",
            "tags": {
              "Environment": "lab",
              "Name": "devops-lab-vpc",
              "Owner": "mfrench"
            },
            "tags_all": {
              "Environment": "lab",
              "Name": "devops-lab-vpc",
              "Owner": "mfrench"
            }
          },
          "sensitive_attributes": [],
          "identity_schema_version": 0,
          "private": "eyJzY2hlbWFfdmVyc2lvbiI6IjEifQ=="
        }
      ]
    }
  ],
  "check_results": null
}
